{
  "nodes": {
    "astronvim": {
      "flake": false,
      "locked": {
        "lastModified": 1691678898,
        "narHash": "sha256-uydWNOkk1HnYvLHBRyCqFZMeXJue2fueXhvk0MXhOkw=",
        "owner": "AstroNvim",
        "repo": "AstroNvim",
        "rev": "1910b86d3df873bea4f880f9299dbf66fe1e65fe",
        "type": "github"
      },
      "original": {
        "owner": "AstroNvim",
        "ref": "v3.36.0",
        "repo": "AstroNvim",
        "type": "github"
      }
    },
    "astronvim-config": {
      "flake": false,
      "locked": {
        "lastModified": 1697881152,
        "narHash": "sha256-iH/QU5+omhsOgmyUxWOYmhFIW06hJj7Bqqa4GXWFhys=",
        "owner": "shelken",
        "repo": "astro-nvim-config",
        "rev": "eabb6c7cf124f5334b4d8c9d06b48f7aad08edeb",
        "type": "github"
      },
      "original": {
        "owner": "shelken",
        "repo": "astro-nvim-config",
        "type": "github"
      }
    },
    "catppuccin-btop": {
      "flake": false,
      "locked": {
        "lastModified": 1686163899,
        "narHash": "sha256-J3UezOQMDdxpflGax0rGBF/XMiKqdqZXuX4KMVGTxFk=",
        "owner": "catppuccin",
        "repo": "btop",
        "rev": "89ff712eb62747491a76a7902c475007244ff202",
        "type": "github"
      },
      "original": {
        "owner": "catppuccin",
        "repo": "btop",
        "type": "github"
      }
    },
    "home-manager": {
      "inputs": {
        "nixpkgs": [
          "nixpkgs"
        ]
      },
      "locked": {
        "lastModified": 1694134858,
        "narHash": "sha256-fG/ESauOGmiojKlpJG8gB62dJa5Wd+ZIuiDMKK/HD3g=",
        "owner": "nix-community",
        "repo": "home-manager",
        "rev": "19c6a4081b14443420358262f8416149bd79561a",
        "type": "github"
      },
      "original": {
        "owner": "nix-community",
        "repo": "home-manager",
        "type": "github"
      }
    },
    "nixpkgs": {
      "locked": {
        "lastModified": 1693985761,
        "narHash": "sha256-K5b+7j7Tt3+AqbWkcw+wMeqOAWyCD1MH26FPZyWXpdo=",
        "owner": "nixos",
        "repo": "nixpkgs",
        "rev": "0bffda19b8af722f8069d09d8b6a24594c80b352",
        "type": "github"
      },
      "original": {
        "owner": "nixos",
        "ref": "nixos-unstable",
        "repo": "nixpkgs",
        "type": "github"
      }
    },
    "root": {
      "inputs": {
        "astronvim": "astronvim",
        "astronvim-config": "astronvim-config",
        "catppuccin-btop": "catppuccin-btop",
        "home-manager": "home-manager",
        "nixpkgs": "nixpkgs"
      }
    }
  },
  "root": "root",
  "version": 7
}
