{
  "nodes": {
    "astronvim": {
      "flake": false,
      "locked": {
        "lastModified": 1691678898,
        "narHash": "sha256-uydWNOkk1HnYvLHBRyCqFZMeXJue2fueXhvk0MXhOkw=",
        "owner": "AstroNvim",
        "repo": "AstroNvim",
        "rev": "1910b86d3df873bea4f880f9299dbf66fe1e65fe",
        "type": "github"
      },
      "original": {
        "owner": "AstroNvim",
        "ref": "v3.36.0",
        "repo": "AstroNvim",
        "type": "github"
      }
    },
    "catppuccin-btop": {
      "flake": false,
      "locked": {
        "lastModified": 1686163899,
        "narHash": "sha256-J3UezOQMDdxpflGax0rGBF/XMiKqdqZXuX4KMVGTxFk=",
        "owner": "catppuccin",
        "repo": "btop",
        "rev": "89ff712eb62747491a76a7902c475007244ff202",
        "type": "github"
      },
      "original": {
        "owner": "catppuccin",
        "repo": "btop",
        "type": "github"
      }
    },
    "home-manager": {
      "inputs": {
        "nixpkgs": [
          "nixpkgs"
        ]
      },
      "locked": {
        "lastModified": 1691225770,
        "narHash": "sha256-O5slH8nW8msTAqVAS5rkvdHSkjmrO+JauuSDzZCmv2M=",
        "owner": "nix-community",
        "repo": "home-manager",
        "rev": "0a014a729cdd54d9919ff36b714d047909d7a4c8",
        "type": "github"
      },
      "original": {
        "owner": "nix-community",
        "repo": "home-manager",
        "type": "github"
      }
    },
    "nixpkgs": {
      "locked": {
        "lastModified": 1691186842,
        "narHash": "sha256-wxBVCvZUwq+XS4N4t9NqsHV4E64cPVqQ2fdDISpjcw0=",
        "owner": "nixos",
        "repo": "nixpkgs",
        "rev": "18036c0be90f4e308ae3ebcab0e14aae0336fe42",
        "type": "github"
      },
      "original": {
        "owner": "nixos",
        "ref": "nixos-unstable",
        "repo": "nixpkgs",
        "type": "github"
      }
    },
    "root": {
      "inputs": {
        "astronvim": "astronvim",
        "catppuccin-btop": "catppuccin-btop",
        "home-manager": "home-manager",
        "nixpkgs": "nixpkgs"
      }
    }
  },
  "root": "root",
  "version": 7
}
